
Microsoft Visual Studio Solution File, Format Version 12.00
# Visual Studio Version 17
VisualStudioVersion = 17.5.002.0
MinimumVisualStudioVersion = 10.0.40219.1
Project("{9A19103F-16F7-4668-BE54-9A1E7A4F7556}") = "Heranca", "Heranca\Heranca.csproj", "{072F7CFC-47EB-4DB2-B314-F583F99A4487}"
EndProject
Global
	GlobalSection(SolutionConfigurationPlatforms) = preSolution
		Debug|Any CPU = Debug|Any CPU
		Release|Any CPU = Release|Any CPU
	EndGlobalSection
	GlobalSection(ProjectConfigurationPlatforms) = postSolution
		{072F7CFC-47EB-4DB2-B314-F583F99A4487}.Debug|Any CPU.ActiveCfg = Debug|Any CPU
		{072F7CFC-47EB-4DB2-B314-F583F99A4487}.Debug|Any CPU.Build.0 = Debug|Any CPU
		{072F7CFC-47EB-4DB2-B314-F583F99A4487}.Release|Any CPU.ActiveCfg = Release|Any CPU
		{072F7CFC-47EB-4DB2-B314-F583F99A4487}.Release|Any CPU.Build.0 = Release|Any CPU
	EndGlobalSection
	GlobalSection(SolutionProperties) = preSolution
		HideSolutionNode = FALSE
	EndGlobalSection
	GlobalSection(ExtensibilityGlobals) = postSolution
		SolutionGuid = {948BC768-F90D-4522-A324-13D695E3B7D2}
	EndGlobalSection
EndGlobal
